
Microsoft Visual Studio Solution File, Format Version 12.00
# Visual Studio Version 16
VisualStudioVersion = 16.0.30717.126
MinimumVisualStudioVersion = 10.0.40219.1
Project("{8BC9CEB8-8B4A-11D0-8D11-00A0C91BC942}") = "SK-Parameter-Function-Bag1__C", "SK-Parameter-Function-Bag1__C\SK-Parameter-Function-Bag1__C.vcxproj", "{6FF0E780-A26F-499C-B29A-9BF9EB846049}"
EndProject
Global
	GlobalSection(SolutionConfigurationPlatforms) = preSolution
		Debug|x64 = Debug|x64
		Debug|x86 = Debug|x86
		Release|x64 = Release|x64
		Release|x86 = Release|x86
	EndGlobalSection
	GlobalSection(ProjectConfigurationPlatforms) = postSolution
		{6FF0E780-A26F-499C-B29A-9BF9EB846049}.Debug|x64.ActiveCfg = Debug|x64
		{6FF0E780-A26F-499C-B29A-9BF9EB846049}.Debug|x64.Build.0 = Debug|x64
		{6FF0E780-A26F-499C-B29A-9BF9EB846049}.Debug|x86.ActiveCfg = Debug|Win32
		{6FF0E780-A26F-499C-B29A-9BF9EB846049}.Debug|x86.Build.0 = Debug|Win32
		{6FF0E780-A26F-499C-B29A-9BF9EB846049}.Release|x64.ActiveCfg = Release|x64
		{6FF0E780-A26F-499C-B29A-9BF9EB846049}.Release|x64.Build.0 = Release|x64
		{6FF0E780-A26F-499C-B29A-9BF9EB846049}.Release|x86.ActiveCfg = Release|Win32
		{6FF0E780-A26F-499C-B29A-9BF9EB846049}.Release|x86.Build.0 = Release|Win32
	EndGlobalSection
	GlobalSection(SolutionProperties) = preSolution
		HideSolutionNode = FALSE
	EndGlobalSection
	GlobalSection(ExtensibilityGlobals) = postSolution
		SolutionGuid = {61E5C3A3-077A-4C6A-B4AB-FF6B8D0A060B}
	EndGlobalSection
EndGlobal
